
Microsoft Visual Studio Solution File, Format Version 12.00
# Visual Studio Version 17
VisualStudioVersion = 17.0.31825.309
MinimumVisualStudioVersion = 10.0.40219.1
Project("{8BC9CEB8-8B4A-11D0-8D11-00A0C91BC942}") = "TestLibProj", "TestLibProj\TestLibProj.vcxproj", "{807AFD8E-A27B-4897-97EC-6BAE8C23FE54}"
EndProject
Project("{8BC9CEB8-8B4A-11D0-8D11-00A0C91BC942}") = "NUSYSN64Test", "NUSYSN64Test\NUSYSN64Test.vcxproj", "{94A8E158-A78E-409D-B0D2-238157DF1693}"
EndProject
Project("{8BC9CEB8-8B4A-11D0-8D11-00A0C91BC942}") = "ConsoleTestLib", "ConsoleTestLib\ConsoleTestLib.vcxproj", "{5496D3D0-C5C8-4116-8CFE-29E88698FF7E}"
EndProject
Project("{8BC9CEB8-8B4A-11D0-8D11-00A0C91BC942}") = "CPPLibDragonN64", "CPPLibDragonN64\CPPLibDragonN64.vcxproj", "{EFDC9EAF-83A5-42E3-AE03-F28660A813EC}"
EndProject
Global
	GlobalSection(SolutionConfigurationPlatforms) = preSolution
		Debug|x64 = Debug|x64
		Debug|x86 = Debug|x86
		Release|x64 = Release|x64
		Release|x86 = Release|x86
	EndGlobalSection
	GlobalSection(ProjectConfigurationPlatforms) = postSolution
		{807AFD8E-A27B-4897-97EC-6BAE8C23FE54}.Debug|x64.ActiveCfg = Debug|x64
		{807AFD8E-A27B-4897-97EC-6BAE8C23FE54}.Debug|x64.Build.0 = Debug|x64
		{807AFD8E-A27B-4897-97EC-6BAE8C23FE54}.Debug|x86.ActiveCfg = Debug|Win32
		{807AFD8E-A27B-4897-97EC-6BAE8C23FE54}.Debug|x86.Build.0 = Debug|Win32
		{807AFD8E-A27B-4897-97EC-6BAE8C23FE54}.Release|x64.ActiveCfg = Release|x64
		{807AFD8E-A27B-4897-97EC-6BAE8C23FE54}.Release|x64.Build.0 = Release|x64
		{807AFD8E-A27B-4897-97EC-6BAE8C23FE54}.Release|x86.ActiveCfg = Release|Win32
		{807AFD8E-A27B-4897-97EC-6BAE8C23FE54}.Release|x86.Build.0 = Release|Win32
		{94A8E158-A78E-409D-B0D2-238157DF1693}.Debug|x64.ActiveCfg = Debug|x64
		{94A8E158-A78E-409D-B0D2-238157DF1693}.Debug|x64.Build.0 = Debug|x64
		{94A8E158-A78E-409D-B0D2-238157DF1693}.Debug|x86.ActiveCfg = Debug|Win32
		{94A8E158-A78E-409D-B0D2-238157DF1693}.Debug|x86.Build.0 = Debug|Win32
		{94A8E158-A78E-409D-B0D2-238157DF1693}.Release|x64.ActiveCfg = Release|x64
		{94A8E158-A78E-409D-B0D2-238157DF1693}.Release|x64.Build.0 = Release|x64
		{94A8E158-A78E-409D-B0D2-238157DF1693}.Release|x86.ActiveCfg = Release|Win32
		{94A8E158-A78E-409D-B0D2-238157DF1693}.Release|x86.Build.0 = Release|Win32
		{5496D3D0-C5C8-4116-8CFE-29E88698FF7E}.Debug|x64.ActiveCfg = Debug|x64
		{5496D3D0-C5C8-4116-8CFE-29E88698FF7E}.Debug|x64.Build.0 = Debug|x64
		{5496D3D0-C5C8-4116-8CFE-29E88698FF7E}.Debug|x86.ActiveCfg = Debug|Win32
		{5496D3D0-C5C8-4116-8CFE-29E88698FF7E}.Debug|x86.Build.0 = Debug|Win32
		{5496D3D0-C5C8-4116-8CFE-29E88698FF7E}.Release|x64.ActiveCfg = Release|x64
		{5496D3D0-C5C8-4116-8CFE-29E88698FF7E}.Release|x64.Build.0 = Release|x64
		{5496D3D0-C5C8-4116-8CFE-29E88698FF7E}.Release|x86.ActiveCfg = Release|Win32
		{5496D3D0-C5C8-4116-8CFE-29E88698FF7E}.Release|x86.Build.0 = Release|Win32
		{EFDC9EAF-83A5-42E3-AE03-F28660A813EC}.Debug|x64.ActiveCfg = Debug|x64
		{EFDC9EAF-83A5-42E3-AE03-F28660A813EC}.Debug|x64.Build.0 = Debug|x64
		{EFDC9EAF-83A5-42E3-AE03-F28660A813EC}.Debug|x86.ActiveCfg = Debug|Win32
		{EFDC9EAF-83A5-42E3-AE03-F28660A813EC}.Debug|x86.Build.0 = Debug|Win32
		{EFDC9EAF-83A5-42E3-AE03-F28660A813EC}.Release|x64.ActiveCfg = Release|x64
		{EFDC9EAF-83A5-42E3-AE03-F28660A813EC}.Release|x64.Build.0 = Release|x64
		{EFDC9EAF-83A5-42E3-AE03-F28660A813EC}.Release|x86.ActiveCfg = Release|Win32
		{EFDC9EAF-83A5-42E3-AE03-F28660A813EC}.Release|x86.Build.0 = Release|Win32
	EndGlobalSection
	GlobalSection(SolutionProperties) = preSolution
		HideSolutionNode = FALSE
	EndGlobalSection
	GlobalSection(ExtensibilityGlobals) = postSolution
		SolutionGuid = {38FDE8B1-94EE-47A7-88FF-D4FA30FB92DD}
	EndGlobalSection
EndGlobal
